
Microsoft Visual Studio Solution File, Format Version 12.00
# Visual Studio Version 16
VisualStudioVersion = 16.0.31229.75
MinimumVisualStudioVersion = 10.0.40219.1
Project("{2150E333-8FDC-42A3-9474-1A3956D46DE8}") = "src", "src", "{4B792E59-CC76-4037-BCE6-26C1387637C8}"
EndProject
Project("{2150E333-8FDC-42A3-9474-1A3956D46DE8}") = "Web", "Web", "{5582F366-1023-495F-B9ED-6B4A0A49B183}"
EndProject
Project("{2150E333-8FDC-42A3-9474-1A3956D46DE8}") = "Building Blocks", "Building Blocks", "{72CE5BBC-6A3F-4FFD-A7F6-0412EBABC389}"
EndProject
Project("{2150E333-8FDC-42A3-9474-1A3956D46DE8}") = "Services", "Services", "{A5FBBB7A-2D9C-4AF5-9B38-6E53FEF69B1F}"
EndProject
Project("{2150E333-8FDC-42A3-9474-1A3956D46DE8}") = "Identidade", "Identidade", "{8CBB2C64-812A-43AA-81F1-66AFC358D30D}"
EndProject
Project("{FAE04EC0-301F-11D3-BF4B-00C04F79EFBC}") = "JKM.Identidade.Api", "JKM.Identidade.Api\JKM.Identidade.Api.csproj", "{5DC604EA-C892-47A7-98CC-2C8FE5C89161}"
EndProject
Project("{2150E333-8FDC-42A3-9474-1A3956D46DE8}") = "MVC", "MVC", "{1EE4D38A-EF23-488F-8DD9-2BB1255E3F49}"
EndProject
Project("{FAE04EC0-301F-11D3-BF4B-00C04F79EFBC}") = "JKM.WebApp.MVC", "JKM.WebApp.MVC\JKM.WebApp.MVC.csproj", "{A5C9978E-95F9-45EA-B863-8108084A820E}"
EndProject
Project("{2150E333-8FDC-42A3-9474-1A3956D46DE8}") = "Core", "Core", "{FE41A56C-FBAC-4F74-83AA-0448CADFEBC6}"
EndProject
Project("{FAE04EC0-301F-11D3-BF4B-00C04F79EFBC}") = "JKM.Core", "JKM.Core\JKM.Core.csproj", "{C2D23CC7-B468-432D-930D-A46BC5CD40AD}"
EndProject
Project("{2150E333-8FDC-42A3-9474-1A3956D46DE8}") = "Carrinho", "Carrinho", "{A55C99C9-F7A3-4629-899B-81D8F85D3285}"
EndProject
Project("{FAE04EC0-301F-11D3-BF4B-00C04F79EFBC}") = "JKM.Carrinho.Api", "JKM.Carrinho.Api\JKM.Carrinho.Api.csproj", "{A6D62609-9B05-4CDA-A920-4B053F1FCB5D}"
EndProject
Project("{2150E333-8FDC-42A3-9474-1A3956D46DE8}") = "Catalogo", "Catalogo", "{9859D513-225B-4873-A3BA-E837C9D21D50}"
EndProject
Project("{FAE04EC0-301F-11D3-BF4B-00C04F79EFBC}") = "JKM.Catalogo.Api", "JKM.Catalogo.Api\JKM.Catalogo.Api.csproj", "{F4841F39-BFA0-4415-832F-D089B734FC7A}"
EndProject
Project("{2150E333-8FDC-42A3-9474-1A3956D46DE8}") = "Cliente", "Cliente", "{A9D8DF02-9F55-43BA-A084-C68733B6FDD4}"
EndProject
Project("{FAE04EC0-301F-11D3-BF4B-00C04F79EFBC}") = "JKM.Cliente.Api", "JKM.Cliente.Api\JKM.Cliente.Api.csproj", "{39336EC5-8628-45DC-A46B-32C394F60127}"
EndProject
Project("{2150E333-8FDC-42A3-9474-1A3956D46DE8}") = "Pagamento", "Pagamento", "{294121C5-118B-41EA-8D69-FC674D82911E}"
EndProject
Project("{FAE04EC0-301F-11D3-BF4B-00C04F79EFBC}") = "JKM.Pagamento.Api", "JKM.Pagamento.Api\JKM.Pagamento.Api.csproj", "{AAEFA58F-DCEB-4370-B776-784E3D95089E}"
EndProject
Project("{2150E333-8FDC-42A3-9474-1A3956D46DE8}") = "Pedido", "Pedido", "{F7F04C09-BE63-46BE-BBBE-EE064878E346}"
EndProject
Project("{FAE04EC0-301F-11D3-BF4B-00C04F79EFBC}") = "JKM.Pedido.Api", "JKM.Pedido.Api\JKM.Pedido.Api.csproj", "{2AA5C511-BD5E-4331-9979-D8C2A9BFCF9C}"
EndProject
Global
	GlobalSection(SolutionConfigurationPlatforms) = preSolution
		Debug|Any CPU = Debug|Any CPU
		Release|Any CPU = Release|Any CPU
	EndGlobalSection
	GlobalSection(ProjectConfigurationPlatforms) = postSolution
		{5DC604EA-C892-47A7-98CC-2C8FE5C89161}.Debug|Any CPU.ActiveCfg = Debug|Any CPU
		{5DC604EA-C892-47A7-98CC-2C8FE5C89161}.Debug|Any CPU.Build.0 = Debug|Any CPU
		{5DC604EA-C892-47A7-98CC-2C8FE5C89161}.Release|Any CPU.ActiveCfg = Release|Any CPU
		{5DC604EA-C892-47A7-98CC-2C8FE5C89161}.Release|Any CPU.Build.0 = Release|Any CPU
		{A5C9978E-95F9-45EA-B863-8108084A820E}.Debug|Any CPU.ActiveCfg = Debug|Any CPU
		{A5C9978E-95F9-45EA-B863-8108084A820E}.Debug|Any CPU.Build.0 = Debug|Any CPU
		{A5C9978E-95F9-45EA-B863-8108084A820E}.Release|Any CPU.ActiveCfg = Release|Any CPU
		{A5C9978E-95F9-45EA-B863-8108084A820E}.Release|Any CPU.Build.0 = Release|Any CPU
		{C2D23CC7-B468-432D-930D-A46BC5CD40AD}.Debug|Any CPU.ActiveCfg = Debug|Any CPU
		{C2D23CC7-B468-432D-930D-A46BC5CD40AD}.Debug|Any CPU.Build.0 = Debug|Any CPU
		{C2D23CC7-B468-432D-930D-A46BC5CD40AD}.Release|Any CPU.ActiveCfg = Release|Any CPU
		{C2D23CC7-B468-432D-930D-A46BC5CD40AD}.Release|Any CPU.Build.0 = Release|Any CPU
		{A6D62609-9B05-4CDA-A920-4B053F1FCB5D}.Debug|Any CPU.ActiveCfg = Debug|Any CPU
		{A6D62609-9B05-4CDA-A920-4B053F1FCB5D}.Debug|Any CPU.Build.0 = Debug|Any CPU
		{A6D62609-9B05-4CDA-A920-4B053F1FCB5D}.Release|Any CPU.ActiveCfg = Release|Any CPU
		{A6D62609-9B05-4CDA-A920-4B053F1FCB5D}.Release|Any CPU.Build.0 = Release|Any CPU
		{F4841F39-BFA0-4415-832F-D089B734FC7A}.Debug|Any CPU.ActiveCfg = Debug|Any CPU
		{F4841F39-BFA0-4415-832F-D089B734FC7A}.Debug|Any CPU.Build.0 = Debug|Any CPU
		{F4841F39-BFA0-4415-832F-D089B734FC7A}.Release|Any CPU.ActiveCfg = Release|Any CPU
		{F4841F39-BFA0-4415-832F-D089B734FC7A}.Release|Any CPU.Build.0 = Release|Any CPU
		{39336EC5-8628-45DC-A46B-32C394F60127}.Debug|Any CPU.ActiveCfg = Debug|Any CPU
		{39336EC5-8628-45DC-A46B-32C394F60127}.Debug|Any CPU.Build.0 = Debug|Any CPU
		{39336EC5-8628-45DC-A46B-32C394F60127}.Release|Any CPU.ActiveCfg = Release|Any CPU
		{39336EC5-8628-45DC-A46B-32C394F60127}.Release|Any CPU.Build.0 = Release|Any CPU
		{AAEFA58F-DCEB-4370-B776-784E3D95089E}.Debug|Any CPU.ActiveCfg = Debug|Any CPU
		{AAEFA58F-DCEB-4370-B776-784E3D95089E}.Debug|Any CPU.Build.0 = Debug|Any CPU
		{AAEFA58F-DCEB-4370-B776-784E3D95089E}.Release|Any CPU.ActiveCfg = Release|Any CPU
		{AAEFA58F-DCEB-4370-B776-784E3D95089E}.Release|Any CPU.Build.0 = Release|Any CPU
		{2AA5C511-BD5E-4331-9979-D8C2A9BFCF9C}.Debug|Any CPU.ActiveCfg = Debug|Any CPU
		{2AA5C511-BD5E-4331-9979-D8C2A9BFCF9C}.Debug|Any CPU.Build.0 = Debug|Any CPU
		{2AA5C511-BD5E-4331-9979-D8C2A9BFCF9C}.Release|Any CPU.ActiveCfg = Release|Any CPU
		{2AA5C511-BD5E-4331-9979-D8C2A9BFCF9C}.Release|Any CPU.Build.0 = Release|Any CPU
	EndGlobalSection
	GlobalSection(SolutionProperties) = preSolution
		HideSolutionNode = FALSE
	EndGlobalSection
	GlobalSection(NestedProjects) = preSolution
		{5582F366-1023-495F-B9ED-6B4A0A49B183} = {4B792E59-CC76-4037-BCE6-26C1387637C8}
		{72CE5BBC-6A3F-4FFD-A7F6-0412EBABC389} = {4B792E59-CC76-4037-BCE6-26C1387637C8}
		{A5FBBB7A-2D9C-4AF5-9B38-6E53FEF69B1F} = {4B792E59-CC76-4037-BCE6-26C1387637C8}
		{8CBB2C64-812A-43AA-81F1-66AFC358D30D} = {A5FBBB7A-2D9C-4AF5-9B38-6E53FEF69B1F}
		{5DC604EA-C892-47A7-98CC-2C8FE5C89161} = {8CBB2C64-812A-43AA-81F1-66AFC358D30D}
		{1EE4D38A-EF23-488F-8DD9-2BB1255E3F49} = {5582F366-1023-495F-B9ED-6B4A0A49B183}
		{A5C9978E-95F9-45EA-B863-8108084A820E} = {1EE4D38A-EF23-488F-8DD9-2BB1255E3F49}
		{FE41A56C-FBAC-4F74-83AA-0448CADFEBC6} = {72CE5BBC-6A3F-4FFD-A7F6-0412EBABC389}
		{C2D23CC7-B468-432D-930D-A46BC5CD40AD} = {FE41A56C-FBAC-4F74-83AA-0448CADFEBC6}
		{A55C99C9-F7A3-4629-899B-81D8F85D3285} = {A5FBBB7A-2D9C-4AF5-9B38-6E53FEF69B1F}
		{A6D62609-9B05-4CDA-A920-4B053F1FCB5D} = {A55C99C9-F7A3-4629-899B-81D8F85D3285}
		{9859D513-225B-4873-A3BA-E837C9D21D50} = {A5FBBB7A-2D9C-4AF5-9B38-6E53FEF69B1F}
		{F4841F39-BFA0-4415-832F-D089B734FC7A} = {9859D513-225B-4873-A3BA-E837C9D21D50}
		{A9D8DF02-9F55-43BA-A084-C68733B6FDD4} = {A5FBBB7A-2D9C-4AF5-9B38-6E53FEF69B1F}
		{39336EC5-8628-45DC-A46B-32C394F60127} = {A9D8DF02-9F55-43BA-A084-C68733B6FDD4}
		{294121C5-118B-41EA-8D69-FC674D82911E} = {A5FBBB7A-2D9C-4AF5-9B38-6E53FEF69B1F}
		{AAEFA58F-DCEB-4370-B776-784E3D95089E} = {294121C5-118B-41EA-8D69-FC674D82911E}
		{F7F04C09-BE63-46BE-BBBE-EE064878E346} = {A5FBBB7A-2D9C-4AF5-9B38-6E53FEF69B1F}
		{2AA5C511-BD5E-4331-9979-D8C2A9BFCF9C} = {F7F04C09-BE63-46BE-BBBE-EE064878E346}
	EndGlobalSection
	GlobalSection(ExtensibilityGlobals) = postSolution
		SolutionGuid = {516BB889-9D86-42F3-9CEF-570C1D207F72}
	EndGlobalSection
EndGlobal
